
Microsoft Visual Studio Solution File, Format Version 12.00
# Visual Studio Version 16
VisualStudioVersion = 16.0.30413.136
MinimumVisualStudioVersion = 10.0.40219.1
Project("{9A19103F-16F7-4668-BE54-9A1E7A4F7556}") = "MoviesAPI", "MoviesAPI\MoviesAPI.csproj", "{B56BDBF9-07E4-40D8-9EF9-680B1AB3BF96}"
EndProject
Project("{FAE04EC0-301F-11D3-BF4B-00C04F79EFBC}") = "MoviesAPI.Test", "MoviesAPI.Test\MoviesAPI.Test.csproj", "{713BE54A-DF18-45D1-9B81-B5ECE4C6ACED}"
EndProject
Global
	GlobalSection(SolutionConfigurationPlatforms) = preSolution
		Debug|Any CPU = Debug|Any CPU
		Release|Any CPU = Release|Any CPU
	EndGlobalSection
	GlobalSection(ProjectConfigurationPlatforms) = postSolution
		{B56BDBF9-07E4-40D8-9EF9-680B1AB3BF96}.Debug|Any CPU.ActiveCfg = Debug|Any CPU
		{B56BDBF9-07E4-40D8-9EF9-680B1AB3BF96}.Debug|Any CPU.Build.0 = Debug|Any CPU
		{B56BDBF9-07E4-40D8-9EF9-680B1AB3BF96}.Release|Any CPU.ActiveCfg = Release|Any CPU
		{B56BDBF9-07E4-40D8-9EF9-680B1AB3BF96}.Release|Any CPU.Build.0 = Release|Any CPU
		{713BE54A-DF18-45D1-9B81-B5ECE4C6ACED}.Debug|Any CPU.ActiveCfg = Debug|Any CPU
		{713BE54A-DF18-45D1-9B81-B5ECE4C6ACED}.Debug|Any CPU.Build.0 = Debug|Any CPU
		{713BE54A-DF18-45D1-9B81-B5ECE4C6ACED}.Release|Any CPU.ActiveCfg = Release|Any CPU
		{713BE54A-DF18-45D1-9B81-B5ECE4C6ACED}.Release|Any CPU.Build.0 = Release|Any CPU
	EndGlobalSection
	GlobalSection(SolutionProperties) = preSolution
		HideSolutionNode = FALSE
	EndGlobalSection
	GlobalSection(ExtensibilityGlobals) = postSolution
		SolutionGuid = {0888D8A4-F857-46D4-A6CE-8C71A52A7E94}
	EndGlobalSection
EndGlobal
